// !$*UTF8*$!
{
	archiveVersion = 1;
	classes = {
	};
	objectVersion = 50;
	objects = {

/* Begin PBXBuildFile section */
		18EFBFC22328EEC8002CECA1 /* AppDelegate.swift in Sources */ = {isa = PBXBuildFile; fileRef = 18EFBFC12328EEC8002CECA1 /* AppDelegate.swift */; };
		18EFBFC72328EEC8002CECA1 /* Main.storyboard in Resources */ = {isa = PBXBuildFile; fileRef = 18EFBFC52328EEC8002CECA1 /* Main.storyboard */; };
		18EFBFC92328EECB002CECA1 /* Assets.xcassets in Resources */ = {isa = PBXBuildFile; fileRef = 18EFBFC82328EECB002CECA1 /* Assets.xcassets */; };
		18EFBFCC2328EECB002CECA1 /* LaunchScreen.storyboard in Resources */ = {isa = PBXBuildFile; fileRef = 18EFBFCA2328EECB002CECA1 /* LaunchScreen.storyboard */; };
		18EFBFD52328EEDD002CECA1 /* Slide.swift in Sources */ = {isa = PBXBuildFile; fileRef = 18EFBFD32328EEDD002CECA1 /* Slide.swift */; };
		18EFBFD62328EEDD002CECA1 /* Slide.xib in Resources */ = {isa = PBXBuildFile; fileRef = 18EFBFD42328EEDD002CECA1 /* Slide.xib */; };
		18EFBFD82328EEED002CECA1 /* OnboardingController.swift in Sources */ = {isa = PBXBuildFile; fileRef = 18EFBFD72328EEED002CECA1 /* OnboardingController.swift */; };
/* End PBXBuildFile section */

/* Begin PBXFileReference section */
		18EFBFBE2328EEC8002CECA1 /* OnboardPage.app */ = {isa = PBXFileReference; explicitFileType = wrapper.application; includeInIndex = 0; path = OnboardPage.app; sourceTree = BUILT_PRODUCTS_DIR; };
		18EFBFC12328EEC8002CECA1 /* AppDelegate.swift */ = {isa = PBXFileReference; lastKnownFileType = sourcecode.swift; path = AppDelegate.swift; sourceTree = "<group>"; };
		18EFBFC62328EEC8002CECA1 /* Base */ = {isa = PBXFileReference; lastKnownFileType = file.storyboard; name = Base; path = Base.lproj/Main.storyboard; sourceTree = "<group>"; };
		18EFBFC82328EECB002CECA1 /* Assets.xcassets */ = {isa = PBXFileReference; lastKnownFileType = folder.assetcatalog; path = Assets.xcassets; sourceTree = "<group>"; };
		18EFBFCB2328EECB002CECA1 /* Base */ = {isa = PBXFileReference; lastKnownFileType = file.storyboard; name = Base; path = Base.lproj/LaunchScreen.storyboard; sourceTree = "<group>"; };
		18EFBFCD2328EECB002CECA1 /* Info.plist */ = {isa = PBXFileReference; lastKnownFileType = text.plist.xml; path = Info.plist; sourceTree = "<group>"; };
		18EFBFD32328EEDD002CECA1 /* Slide.swift */ = {isa = PBXFileReference; fileEncoding = 4; lastKnownFileType = sourcecode.swift; path = Slide.swift; sourceTree = "<group>"; };
		18EFBFD42328EEDD002CECA1 /* Slide.xib */ = {isa = PBXFileReference; fileEncoding = 4; lastKnownFileType = file.xib; path = Slide.xib; sourceTree = "<group>"; };
		18EFBFD72328EEED002CECA1 /* OnboardingController.swift */ = {isa = PBXFileReference; fileEncoding = 4; lastKnownFileType = sourcecode.swift; path = OnboardingController.swift; sourceTree = "<group>"; };
/* End PBXFileReference section */

/* Begin PBXFrameworksBuildPhase section */
		18EFBFBB2328EEC8002CECA1 /* Frameworks */ = {
			isa = PBXFrameworksBuildPhase;
			buildActionMask = 2147483647;
			files = (
			);
			runOnlyForDeploymentPostprocessing = 0;
		};
/* End PBXFrameworksBuildPhase section */

/* Begin PBXGroup section */
		18EFBFB52328EEC8002CECA1 = {
			isa = PBXGroup;
			children = (
				18EFBFC02328EEC8002CECA1 /* OnboardPage */,
				18EFBFBF2328EEC8002CECA1 /* Products */,
			);
			sourceTree = "<group>";
		};
		18EFBFBF2328EEC8002CECA1 /* Products */ = {
			isa = PBXGroup;
			children = (
				18EFBFBE2328EEC8002CECA1 /* OnboardPage.app */,
			);
			name = Products;
			sourceTree = "<group>";
		};
		18EFBFC02328EEC8002CECA1 /* OnboardPage */ = {
			isa = PBXGroup;
			children = (
				18EFBFD72328EEED002CECA1 /* OnboardingController.swift */,
				18EFBFD42328EEDD002CECA1 /* Slide.xib */,
				18EFBFD32328EEDD002CECA1 /* Slide.swift */,
				18EFBFC12328EEC8002CECA1 /* AppDelegate.swift */,
				18EFBFC52328EEC8002CECA1 /* Main.storyboard */,
				18EFBFC82328EECB002CECA1 /* Assets.xcassets */,
				18EFBFCA2328EECB002CECA1 /* LaunchScreen.storyboard */,
				18EFBFCD2328EECB002CECA1 /* Info.plist */,
			);
			path = OnboardPage;
			sourceTree = "<group>";
		};
/* End PBXGroup section */

/* Begin PBXNativeTarget section */
		18EFBFBD2328EEC8002CECA1 /* OnboardPage */ = {
			isa = PBXNativeTarget;
			buildConfigurationList = 18EFBFD02328EECB002CECA1 /* Build configuration list for PBXNativeTarget "OnboardPage" */;
			buildPhases = (
				18EFBFBA2328EEC8002CECA1 /* Sources */,
				18EFBFBB2328EEC8002CECA1 /* Frameworks */,
				18EFBFBC2328EEC8002CECA1 /* Resources */,
			);
			buildRules = (
			);
			dependencies = (
			);
			name = OnboardPage;
			productName = OnboardPage;
			productReference = 18EFBFBE2328EEC8002CECA1 /* OnboardPage.app */;
			productType = "com.apple.product-type.application";
		};
/* End PBXNativeTarget section */

/* Begin PBXProject section */
		18EFBFB62328EEC8002CECA1 /* Project object */ = {
			isa = PBXProject;
			attributes = {
				LastSwiftUpdateCheck = 1020;
				LastUpgradeCheck = 1020;
				ORGANIZATIONNAME = Apple;
				TargetAttributes = {
					18EFBFBD2328EEC8002CECA1 = {
						CreatedOnToolsVersion = 10.2.1;
					};
				};
			};
			buildConfigurationList = 18EFBFB92328EEC8002CECA1 /* Build configuration list for PBXProject "OnboardPage" */;
			compatibilityVersion = "Xcode 9.3";
			developmentRegion = en;
			hasScannedForEncodings = 0;
			knownRegions = (
				en,
				Base,
			);
			mainGroup = 18EFBFB52328EEC8002CECA1;
			productRefGroup = 18EFBFBF2328EEC8002CECA1 /* Products */;
			projectDirPath = "";
			projectRoot = "";
			targets = (
				18EFBFBD2328EEC8002CECA1 /* OnboardPage */,
			);
		};
/* End PBXProject section */

/* Begin PBXResourcesBuildPhase section */
		18EFBFBC2328EEC8002CECA1 /* Resources */ = {
			isa = PBXResourcesBuildPhase;
			buildActionMask = 2147483647;
			files = (
				18EFBFCC2328EECB002CECA1 /* LaunchScreen.storyboard in Resources */,
				18EFBFC92328EECB002CECA1 /* Assets.xcassets in Resources */,
				18EFBFC72328EEC8002CECA1 /* Main.storyboard in Resources */,
				18EFBFD62328EEDD002CECA1 /* Slide.xib in Resources */,
			);
			runOnlyForDeploymentPostprocessing = 0;
		};
/* End PBXResourcesBuildPhase section */

/* Begin PBXSourcesBuildPhase section */
		18EFBFBA2328EEC8002CECA1 /* Sources */ = {
			isa = PBXSourcesBuildPhase;
			buildActionMask = 2147483647;
			files = (
				18EFBFD82328EEED002CECA1 /* OnboardingController.swift in Sources */,
				18EFBFD52328EEDD002CECA1 /* Slide.swift in Sources */,
				18EFBFC22328EEC8002CECA1 /* AppDelegate.swift in Sources */,
			);
			runOnlyForDeploymentPostprocessing = 0;
		};
/* End PBXSourcesBuildPhase section */

/* Begin PBXVariantGroup section */
		18EFBFC52328EEC8002CECA1 /* Main.storyboard */ = {
			isa = PBXVariantGroup;
			children = (
				18EFBFC62328EEC8002CECA1 /* Base */,
			);
			name = Main.storyboard;
			sourceTree = "<group>";
		};
		18EFBFCA2328EECB002CECA1 /* LaunchScreen.storyboard */ = {
			isa = PBXVariantGroup;
			children = (
				18EFBFCB2328EECB002CECA1 /* Base */,
			);
			name = LaunchScreen.storyboard;
			sourceTree = "<group>";
		};
/* End PBXVariantGroup section */

/* Begin XCBuildConfiguration section */
		18EFBFCE2328EECB002CECA1 /* Debug */ = {
			isa = XCBuildConfiguration;
			buildSettings = {
				ALWAYS_SEARCH_USER_PATHS = NO;
				CLANG_ANALYZER_NONNULL = YES;
				CLANG_ANALYZER_NUMBER_OBJECT_CONVERSION = YES_AGGRESSIVE;
				CLANG_CXX_LANGUAGE_STANDARD = "gnu++14";
				CLANG_CXX_LIBRARY = "libc++";
				CLANG_ENABLE_MODULES = YES;
				CLANG_ENABLE_OBJC_ARC = YES;
				CLANG_ENABLE_OBJC_WEAK = YES;
				CLANG_WARN_BLOCK_CAPTURE_AUTORELEASING = YES;
				CLANG_WARN_BOOL_CONVERSION = YES;
				CLANG_WARN_COMMA = YES;
				CLANG_WARN_CONSTANT_CONVERSION = YES;
				CLANG_WARN_DEPRECATED_OBJC_IMPLEMENTATIONS = YES;
				CLANG_WARN_DIRECT_OBJC_ISA_USAGE = YES_ERROR;
				CLANG_WARN_DOCUMENTATION_COMMENTS = YES;
				CLANG_WARN_EMPTY_BODY = YES;
				CLANG_WARN_ENUM_CONVERSION = YES;
				CLANG_WARN_INFINITE_RECURSION = YES;
				CLANG_WARN_INT_CONVERSION = YES;
				CLANG_WARN_NON_LITERAL_NULL_CONVERSION = YES;
				CLANG_WARN_OBJC_IMPLICIT_RETAIN_SELF = YES;
				CLANG_WARN_OBJC_LITERAL_CONVERSION = YES;
				CLANG_WARN_OBJC_ROOT_CLASS = YES_ERROR;
				CLANG_WARN_RANGE_LOOP_ANALYSIS = YES;
				CLANG_WARN_STRICT_PROTOTYPES = YES;
				CLANG_WARN_SUSPICIOUS_MOVE = YES;
				CLANG_WARN_UNGUARDED_AVAILABILITY = YES_AGGRESSIVE;
				CLANG_WARN_UNREACHABLE_CODE = YES;
				CLANG_WARN__DUPLICATE_METHOD_MATCH = YES;
				CODE_SIGN_IDENTITY = "iPhone Developer";
				COPY_PHASE_STRIP = NO;
				DEBUG_INFORMATION_FORMAT = dwarf;
				ENABLE_STRICT_OBJC_MSGSEND = YES;
				ENABLE_TESTABILITY = YES;
				GCC_C_LANGUAGE_STANDARD = gnu11;
				GCC_DYNAMIC_NO_PIC = NO;
				GCC_NO_COMMON_BLOCKS = YES;
				GCC_OPTIMIZATION_LEVEL = 0;
				GCC_PREPROCESSOR_DEFINITIONS = (
					"DEBUG=1",
					"$(inherited)",
				);
				GCC_WARN_64_TO_32_BIT_CONVERSION = YES;
				GCC_WARN_ABOUT_RETURN_TYPE = YES_ERROR;
				GCC_WARN_UNDECLARED_SELECTOR = YES;
				GCC_WARN_UNINITIALIZED_AUTOS = YES_AGGRESSIVE;
				GCC_WARN_UNUSED_FUNCTION = YES;
				GCC_WARN_UNUSED_VARIABLE = YES;
				IPHONEOS_DEPLOYMENT_TARGET = 12.2;
				MTL_ENABLE_DEBUG_INFO = INCLUDE_SOURCE;
				MTL_FAST_MATH = YES;
				ONLY_ACTIVE_ARCH = YES;
				SDKROOT = iphoneos;
				SWIFT_ACTIVE_COMPILATION_CONDITIONS = DEBUG;
				SWIFT_OPTIMIZATION_LEVEL = "-Onone";
			};
			name = Debug;
		};
		18EFBFCF2328EECB002CECA1 /* Release */ = {
			isa = XCBuildConfiguration;
			buildSettings = {
				ALWAYS_SEARCH_USER_PATHS = NO;
				CLANG_ANALYZER_NONNULL = YES;
				CLANG_ANALYZER_NUMBER_OBJECT_CONVERSION = YES_AGGRESSIVE;
				CLANG_CXX_LANGUAGE_STANDARD = "gnu++14";
				CLANG_CXX_LIBRARY = "libc++";
				CLANG_ENABLE_MODULES = YES;
				CLANG_ENABLE_OBJC_ARC = YES;
				CLANG_ENABLE_OBJC_WEAK = YES;
				CLANG_WARN_BLOCK_CAPTURE_AUTORELEASING = YES;
				CLANG_WARN_BOOL_CONVERSION = YES;
				CLANG_WARN_COMMA = YES;
				CLANG_WARN_CONSTANT_CONVERSION = YES;
				CLANG_WARN_DEPRECATED_OBJC_IMPLEMENTATIONS = YES;
				CLANG_WARN_DIRECT_OBJC_ISA_USAGE = YES_ERROR;
				CLANG_WARN_DOCUMENTATION_COMMENTS = YES;
				CLANG_WARN_EMPTY_BODY = YES;
				CLANG_WARN_ENUM_CONVERSION = YES;
				CLANG_WARN_INFINITE_RECURSION = YES;
				CLANG_WARN_INT_CONVERSION = YES;
				CLANG_WARN_NON_LITERAL_NULL_CONVERSION = YES;
				CLANG_WARN_OBJC_IMPLICIT_RETAIN_SELF = YES;
				CLANG_WARN_OBJC_LITERAL_CONVERSION = YES;
				CLANG_WARN_OBJC_ROOT_CLASS = YES_ERROR;
				CLANG_WARN_RANGE_LOOP_ANALYSIS = YES;
				CLANG_WARN_STRICT_PROTOTYPES = YES;
				CLANG_WARN_SUSPICIOUS_MOVE = YES;
				CLANG_WARN_UNGUARDED_AVAILABILITY = YES_AGGRESSIVE;
				CLANG_WARN_UNREACHABLE_CODE = YES;
				CLANG_WARN__DUPLICATE_METHOD_MATCH = YES;
				CODE_SIGN_IDENTITY = "iPhone Developer";
				COPY_PHASE_STRIP = NO;
				DEBUG_INFORMATION_FORMAT = "dwarf-with-dsym";
				ENABLE_NS_ASSERTIONS = NO;
				ENABLE_STRICT_OBJC_MSGSEND = YES;
				GCC_C_LANGUAGE_STANDARD = gnu11;
				GCC_NO_COMMON_BLOCKS = YES;
				GCC_WARN_64_TO_32_BIT_CONVERSION = YES;
				GCC_WARN_ABOUT_RETURN_TYPE = YES_ERROR;
				GCC_WARN_UNDECLARED_SELECTOR = YES;
				GCC_WARN_UNINITIALIZED_AUTOS = YES_AGGRESSIVE;
				GCC_WARN_UNUSED_FUNCTION = YES;
				GCC_WARN_UNUSED_VARIABLE = YES;
				IPHONEOS_DEPLOYMENT_TARGET = 12.2;
				MTL_ENABLE_DEBUG_INFO = NO;
				MTL_FAST_MATH = YES;
				SDKROOT = iphoneos;
				SWIFT_COMPILATION_MODE = wholemodule;
				SWIFT_OPTIMIZATION_LEVEL = "-O";
				VALIDATE_PRODUCT = YES;
			};
			name = Release;
		};
		18EFBFD12328EECB002CECA1 /* Debug */ = {
			isa = XCBuildConfiguration;
			buildSettings = {
				ASSETCATALOG_COMPILER_APPICON_NAME = AppIcon;
				CODE_SIGN_STYLE = Automatic;
				DEVELOPMENT_TEAM = AK7S3D2T2S;
				INFOPLIST_FILE = OnboardPage/Info.plist;
				LD_RUNPATH_SEARCH_PATHS = (
					"$(inherited)",
					"@executable_path/Frameworks",
				);
				PRODUCT_BUNDLE_IDENTIFIER = technoduce.OnboardPage;
				PRODUCT_NAME = "$(TARGET_NAME)";
				SWIFT_VERSION = 5.0;
				TARGETED_DEVICE_FAMILY = "1,2";
			};
			name = Debug;
		};
		18EFBFD22328EECB002CECA1 /* Release */ = {
			isa = XCBuildConfiguration;
			buildSettings = {
				ASSETCATALOG_COMPILER_APPICON_NAME = AppIcon;
				CODE_SIGN_STYLE = Automatic;
				DEVELOPMENT_TEAM = AK7S3D2T2S;
				INFOPLIST_FILE = OnboardPage/Info.plist;
				LD_RUNPATH_SEARCH_PATHS = (
					"$(inherited)",
					"@executable_path/Frameworks",
				);
				PRODUCT_BUNDLE_IDENTIFIER = technoduce.OnboardPage;
				PRODUCT_NAME = "$(TARGET_NAME)";
				SWIFT_VERSION = 5.0;
				TARGETED_DEVICE_FAMILY = "1,2";
			};
			name = Release;
		};
/* End XCBuildConfiguration section */

/* Begin XCConfigurationList section */
		18EFBFB92328EEC8002CECA1 /* Build configuration list for PBXProject "OnboardPage" */ = {
			isa = XCConfigurationList;
			buildConfigurations = (
				18EFBFCE2328EECB002CECA1 /* Debug */,
				18EFBFCF2328EECB002CECA1 /* Release */,
			);
			defaultConfigurationIsVisible = 0;
			defaultConfigurationName = Release;
		};
		18EFBFD02328EECB002CECA1 /* Build configuration list for PBXNativeTarget "OnboardPage" */ = {
			isa = XCConfigurationList;
			buildConfigurations = (
				18EFBFD12328EECB002CECA1 /* Debug */,
				18EFBFD22328EECB002CECA1 /* Release */,
			);
			defaultConfigurationIsVisible = 0;
			defaultConfigurationName = Release;
		};
/* End XCConfigurationList section */
	};
	rootObject = 18EFBFB62328EEC8002CECA1 /* Project object */;
}
